{
  "version": 4,
  "terraform_version": "1.14.3",
  "serial": 10,
  "lineage": "a78fa569-267c-2c6a-22e6-c8df88237f95",
  "outputs": {},
  "resources": [
    {
      "mode": "managed",
      "type": "pagerduty_business_service",
      "name": "bs",
      "provider": "provider[\"registry.terraform.io/pagerduty/pagerduty\"]",
      "instances": [
        {
          "index_key": "Test Terraform1 (BS)",
          "schema_version": 0,
          "attributes": {
            "description": "Test from terraform",
            "html_url": "",
            "id": "P0R0LQU",
            "name": "Test Terraform1 (BS)",
            "point_of_contact": null,
            "self": "https://api.pagerduty.com/business_services/P0R0LQU",
            "summary": "Test Terraform1 (BS)",
            "team": null,
            "type": "business_service"
          },
          "sensitive_attributes": [],
          "identity_schema_version": 0
        },
        {
          "index_key": "Test Terraform2 (BS)",
          "schema_version": 0,
          "attributes": {
            "description": "Test from terraform",
            "html_url": "",
            "id": "PJN9LAB",
            "name": "Test Terraform2 (BS)",
            "point_of_contact": null,
            "self": "https://api.pagerduty.com/business_services/PJN9LAB",
            "summary": "Test Terraform2 (BS)",
            "team": null,
            "type": "business_service"
          },
          "sensitive_attributes": [],
          "identity_schema_version": 0
        }
      ]
    },
    {
      "mode": "managed",
      "type": "pagerduty_service",
      "name": "svc",
      "provider": "provider[\"registry.terraform.io/pagerduty/pagerduty\"]",
      "instances": [
        {
          "index_key": "Test Terraform A (TS)",
          "schema_version": 0,
          "attributes": {
            "acknowledgement_timeout": "600",
            "alert_creation": "create_alerts_and_incidents",
            "alert_grouping": null,
            "alert_grouping_parameters": [],
            "alert_grouping_timeout": "null",
            "auto_pause_notifications_parameters": [
              {
                "enabled": false,
                "timeout": 120
              }
            ],
            "auto_resolve_timeout": "14400",
            "created_at": "2026-01-09T00:49:41+00:00",
            "description": "Test terraform A description",
            "escalation_policy": "PJYYVRR",
            "html_url": "https://tesglobal.pagerduty.com/service-directory/P3T4KTZ",
            "id": "P3T4KTZ",
            "incident_urgency_rule": [
              {
                "during_support_hours": [],
                "outside_support_hours": [],
                "type": "constant",
                "urgency": "high"
              }
            ],
            "last_incident_timestamp": "",
            "name": "Test Terraform A (TS)",
            "response_play": null,
            "scheduled_actions": [],
            "status": "active",
            "support_hours": [],
            "type": "service"
          },
          "sensitive_attributes": [],
          "identity_schema_version": 0,
          "private": "bnVsbA=="
        },
        {
          "index_key": "Test Terraform B (TS)",
          "schema_version": 0,
          "attributes": {
            "acknowledgement_timeout": "1800",
            "alert_creation": "create_alerts_and_incidents",
            "alert_grouping": null,
            "alert_grouping_parameters": [],
            "alert_grouping_timeout": "null",
            "auto_pause_notifications_parameters": [
              {
                "enabled": false,
                "timeout": 120
              }
            ],
            "auto_resolve_timeout": "14400",
            "created_at": "2026-01-09T00:51:13+00:00",
            "description": "Test terraform B description",
            "escalation_policy": "PJYYVRR",
            "html_url": "https://tesglobal.pagerduty.com/service-directory/PM8K1PR",
            "id": "PM8K1PR",
            "incident_urgency_rule": [
              {
                "during_support_hours": [],
                "outside_support_hours": [],
                "type": "constant",
                "urgency": "high"
              }
            ],
            "last_incident_timestamp": "",
            "name": "Test Terraform B (TS)",
            "response_play": null,
            "scheduled_actions": [],
            "status": "active",
            "support_hours": [],
            "type": "service"
          },
          "sensitive_attributes": [],
          "identity_schema_version": 0,
          "private": "bnVsbA=="
        }
      ]
    },
    {
      "mode": "managed",
      "type": "pagerduty_service_dependency",
      "name": "bs_depends_on_ts",
      "provider": "provider[\"registry.terraform.io/pagerduty/pagerduty\"]",
      "instances": [
        {
          "index_key": "Test Terraform1 (BS)=\u003eTest Terraform A (TS)",
          "schema_version": 0,
          "attributes": {
            "dependency": [
              {
                "dependent_service": [
                  {
                    "id": "P0R0LQU",
                    "type": "business_service"
                  }
                ],
                "supporting_service": [
                  {
                    "id": "P3T4KTZ",
                    "type": "service"
                  }
                ],
                "type": "service_dependency"
              }
            ],
            "id": "D2GNE45WWYW04S4QJRH"
          },
          "sensitive_attributes": [],
          "identity_schema_version": 0,
          "dependencies": [
            "pagerduty_business_service.bs",
            "pagerduty_service.svc"
          ]
        },
        {
          "index_key": "Test Terraform2 (BS)=\u003eTest Terraform B (TS)",
          "schema_version": 0,
          "attributes": {
            "dependency": [
              {
                "dependent_service": [
                  {
                    "id": "PJN9LAB",
                    "type": "business_service"
                  }
                ],
                "supporting_service": [
                  {
                    "id": "PM8K1PR",
                    "type": "service"
                  }
                ],
                "type": "service_dependency"
              }
            ],
            "id": "D2GNE49T2CX16Y9J0K0"
          },
          "sensitive_attributes": [],
          "identity_schema_version": 0,
          "dependencies": [
            "pagerduty_business_service.bs",
            "pagerduty_service.svc"
          ]
        }
      ]
    }
  ],
  "check_results": null
}
